{
    "_meta": {
        "hash": {
            "sha256": "9483f039b371b26dedb1c82530ef09bd0ab875ff997c5fd03e1972b192bcffd9"
        },
        "pipfile-spec": 6,
        "requires": {
            "python_version": "3.9"
        },
        "sources": [
            {
                "name": "pypi",
                "url": "https://pypi.org/simple",
                "verify_ssl": true
            }
        ]
    },
    "default": {
        "click": {
            "hashes": [
                "sha256:353f466495adaeb40b6b5f592f9f91cb22372351c84caeb068132442a4518ef3",
                "sha256:410e932b050f5eed773c4cda94de75971c89cdb3155a72a0831139a79e5ecb5b"
            ],
            "index": "pypi",
            "version": "==8.0.3"
        },
        "pybase62": {
            "hashes": [
                "sha256:0fbbe8474fc5fb020cc7f94dc88adfd12ef9bf38640c46612568ea07f046438c"
            ],
            "index": "pypi",
            "version": "==0.4.3"
        },
        "pypng": {
            "hashes": [
                "sha256:76f8a1539ec56451da7ab7121f12a361969fe0f2d48d703d198ce2a99d6c5afd"
            ],
            "index": "pypi",
            "version": "==0.0.21"
        }
    },
    "develop": {}
}
